
Microsoft Visual Studio Solution File, Format Version 12.00
# Visual Studio Version 16
VisualStudioVersion = 16.0.32002.261
MinimumVisualStudioVersion = 10.0.40219.1
Project("{FAE04EC0-301F-11D3-BF4B-00C04F79EFBC}") = "MVCApp", "MVCApp\MVCApp.csproj", "{96F07181-9E05-4856-AF13-733D403DC96E}"
EndProject
Global
	GlobalSection(SolutionConfigurationPlatforms) = preSolution
		Debug|Any CPU = Debug|Any CPU
		Release|Any CPU = Release|Any CPU
	EndGlobalSection
	GlobalSection(ProjectConfigurationPlatforms) = postSolution
		{96F07181-9E05-4856-AF13-733D403DC96E}.Debug|Any CPU.ActiveCfg = Debug|Any CPU
		{96F07181-9E05-4856-AF13-733D403DC96E}.Debug|Any CPU.Build.0 = Debug|Any CPU
		{96F07181-9E05-4856-AF13-733D403DC96E}.Release|Any CPU.ActiveCfg = Release|Any CPU
		{96F07181-9E05-4856-AF13-733D403DC96E}.Release|Any CPU.Build.0 = Release|Any CPU
	EndGlobalSection
	GlobalSection(SolutionProperties) = preSolution
		HideSolutionNode = FALSE
	EndGlobalSection
	GlobalSection(ExtensibilityGlobals) = postSolution
		SolutionGuid = {B34B8BB0-4A32-4834-8693-0D51D815C717}
	EndGlobalSection
EndGlobal
